
Microsoft Visual Studio Solution File, Format Version 12.00
# Visual Studio 15
VisualStudioVersion = 15.0.27004.2005
MinimumVisualStudioVersion = 10.0.40219.1
Project("{FAE04EC0-301F-11D3-BF4B-00C04F79EFBC}") = "OnlineShop.Common", "OnlineShop.Common\OnlineShop.Common.csproj", "{EBD7AC2D-8D43-4637-B9DC-90CFB10FBA4C}"
EndProject
Project("{FAE04EC0-301F-11D3-BF4B-00C04F79EFBC}") = "OnlineShop.Model", "OnlineShop.Model\OnlineShop.Model.csproj", "{38F2CFB0-46A6-4176-AE82-E7787CBDE9C7}"
EndProject
Project("{FAE04EC0-301F-11D3-BF4B-00C04F79EFBC}") = "OnlineShop.Data", "OnlineShop.Data\OnlineShop.Data.csproj", "{447DEE77-B103-4D54-B892-749AD38D9F85}"
EndProject
Project("{FAE04EC0-301F-11D3-BF4B-00C04F79EFBC}") = "OnlineShop.Service", "OnlineShop.Service\OnlineShop.Service.csproj", "{68E6C128-4AC9-418E-A788-C463C3CD8F51}"
EndProject
Project("{FAE04EC0-301F-11D3-BF4B-00C04F79EFBC}") = "OnlineShop.UnitTest", "OnlineShop.UnitTest\OnlineShop.UnitTest.csproj", "{33D7A5C0-A1CA-4651-8841-994FEC9078E5}"
EndProject
Project("{FAE04EC0-301F-11D3-BF4B-00C04F79EFBC}") = "OnlineShop.Web", "OnlineShop.Web\OnlineShop.Web.csproj", "{C5E2FCD5-8A00-452D-8753-EC939E6AF296}"
EndProject
Global
	GlobalSection(SolutionConfigurationPlatforms) = preSolution
		Debug|Any CPU = Debug|Any CPU
		Release|Any CPU = Release|Any CPU
	EndGlobalSection
	GlobalSection(ProjectConfigurationPlatforms) = postSolution
		{EBD7AC2D-8D43-4637-B9DC-90CFB10FBA4C}.Debug|Any CPU.ActiveCfg = Debug|Any CPU
		{EBD7AC2D-8D43-4637-B9DC-90CFB10FBA4C}.Debug|Any CPU.Build.0 = Debug|Any CPU
		{EBD7AC2D-8D43-4637-B9DC-90CFB10FBA4C}.Release|Any CPU.ActiveCfg = Release|Any CPU
		{EBD7AC2D-8D43-4637-B9DC-90CFB10FBA4C}.Release|Any CPU.Build.0 = Release|Any CPU
		{38F2CFB0-46A6-4176-AE82-E7787CBDE9C7}.Debug|Any CPU.ActiveCfg = Debug|Any CPU
		{38F2CFB0-46A6-4176-AE82-E7787CBDE9C7}.Debug|Any CPU.Build.0 = Debug|Any CPU
		{38F2CFB0-46A6-4176-AE82-E7787CBDE9C7}.Release|Any CPU.ActiveCfg = Release|Any CPU
		{38F2CFB0-46A6-4176-AE82-E7787CBDE9C7}.Release|Any CPU.Build.0 = Release|Any CPU
		{447DEE77-B103-4D54-B892-749AD38D9F85}.Debug|Any CPU.ActiveCfg = Debug|Any CPU
		{447DEE77-B103-4D54-B892-749AD38D9F85}.Debug|Any CPU.Build.0 = Debug|Any CPU
		{447DEE77-B103-4D54-B892-749AD38D9F85}.Release|Any CPU.ActiveCfg = Release|Any CPU
		{447DEE77-B103-4D54-B892-749AD38D9F85}.Release|Any CPU.Build.0 = Release|Any CPU
		{68E6C128-4AC9-418E-A788-C463C3CD8F51}.Debug|Any CPU.ActiveCfg = Debug|Any CPU
		{68E6C128-4AC9-418E-A788-C463C3CD8F51}.Debug|Any CPU.Build.0 = Debug|Any CPU
		{68E6C128-4AC9-418E-A788-C463C3CD8F51}.Release|Any CPU.ActiveCfg = Release|Any CPU
		{68E6C128-4AC9-418E-A788-C463C3CD8F51}.Release|Any CPU.Build.0 = Release|Any CPU
		{33D7A5C0-A1CA-4651-8841-994FEC9078E5}.Debug|Any CPU.ActiveCfg = Debug|Any CPU
		{33D7A5C0-A1CA-4651-8841-994FEC9078E5}.Debug|Any CPU.Build.0 = Debug|Any CPU
		{33D7A5C0-A1CA-4651-8841-994FEC9078E5}.Release|Any CPU.ActiveCfg = Release|Any CPU
		{33D7A5C0-A1CA-4651-8841-994FEC9078E5}.Release|Any CPU.Build.0 = Release|Any CPU
		{C5E2FCD5-8A00-452D-8753-EC939E6AF296}.Debug|Any CPU.ActiveCfg = Debug|Any CPU
		{C5E2FCD5-8A00-452D-8753-EC939E6AF296}.Debug|Any CPU.Build.0 = Debug|Any CPU
		{C5E2FCD5-8A00-452D-8753-EC939E6AF296}.Release|Any CPU.ActiveCfg = Release|Any CPU
		{C5E2FCD5-8A00-452D-8753-EC939E6AF296}.Release|Any CPU.Build.0 = Release|Any CPU
	EndGlobalSection
	GlobalSection(SolutionProperties) = preSolution
		HideSolutionNode = FALSE
	EndGlobalSection
	GlobalSection(ExtensibilityGlobals) = postSolution
		SolutionGuid = {72689011-F59D-4C50-AB23-DB58951F21B9}
	EndGlobalSection
EndGlobal
